
Microsoft Visual Studio Solution File, Format Version 12.00
# Visual Studio Version 17
VisualStudioVersion = 17.0.32112.339
MinimumVisualStudioVersion = 10.0.40219.1
Project("{9A19103F-16F7-4668-BE54-9A1E7A4F7556}") = "Harmony.Web", "Harmony.Web\Harmony.Web.csproj", "{AF747A4C-5056-4CFB-B711-B7F1CFC0FA0B}"
EndProject
Project("{2150E333-8FDC-42A3-9474-1A3956D46DE8}") = "Frontend", "Frontend", "{F1773BE6-C0DD-4618-8E06-09BA0E21CE90}"
EndProject
Project("{2150E333-8FDC-42A3-9474-1A3956D46DE8}") = "Backend", "Backend", "{91062061-B9D6-4FF8-B488-E49E873A58C9}"
EndProject
Project("{54A90642-561A-4BB1-A94E-469ADEE60C69}") = "Harmony.ClientApp", "Harmony.ClientApp\Harmony.ClientApp.esproj", "{D55D29D2-0D56-4669-B3B0-28AF8FAB5154}"
EndProject
Global
	GlobalSection(SolutionConfigurationPlatforms) = preSolution
		Debug|Any CPU = Debug|Any CPU
		Release|Any CPU = Release|Any CPU
	EndGlobalSection
	GlobalSection(ProjectConfigurationPlatforms) = postSolution
		{AF747A4C-5056-4CFB-B711-B7F1CFC0FA0B}.Debug|Any CPU.ActiveCfg = Debug|Any CPU
		{AF747A4C-5056-4CFB-B711-B7F1CFC0FA0B}.Debug|Any CPU.Build.0 = Debug|Any CPU
		{AF747A4C-5056-4CFB-B711-B7F1CFC0FA0B}.Release|Any CPU.ActiveCfg = Release|Any CPU
		{AF747A4C-5056-4CFB-B711-B7F1CFC0FA0B}.Release|Any CPU.Build.0 = Release|Any CPU
		{D55D29D2-0D56-4669-B3B0-28AF8FAB5154}.Debug|Any CPU.ActiveCfg = Debug|Any CPU
		{D55D29D2-0D56-4669-B3B0-28AF8FAB5154}.Debug|Any CPU.Build.0 = Debug|Any CPU
		{D55D29D2-0D56-4669-B3B0-28AF8FAB5154}.Debug|Any CPU.Deploy.0 = Debug|Any CPU
		{D55D29D2-0D56-4669-B3B0-28AF8FAB5154}.Release|Any CPU.ActiveCfg = Release|Any CPU
		{D55D29D2-0D56-4669-B3B0-28AF8FAB5154}.Release|Any CPU.Build.0 = Release|Any CPU
		{D55D29D2-0D56-4669-B3B0-28AF8FAB5154}.Release|Any CPU.Deploy.0 = Release|Any CPU
	EndGlobalSection
	GlobalSection(SolutionProperties) = preSolution
		HideSolutionNode = FALSE
	EndGlobalSection
	GlobalSection(NestedProjects) = preSolution
		{AF747A4C-5056-4CFB-B711-B7F1CFC0FA0B} = {91062061-B9D6-4FF8-B488-E49E873A58C9}
		{D55D29D2-0D56-4669-B3B0-28AF8FAB5154} = {F1773BE6-C0DD-4618-8E06-09BA0E21CE90}
	EndGlobalSection
	GlobalSection(ExtensibilityGlobals) = postSolution
		SolutionGuid = {8E15B4CB-D734-4355-9B2A-95521C7F326E}
	EndGlobalSection
EndGlobal
