
Microsoft Visual Studio Solution File, Format Version 12.00
# Visual Studio Version 17
VisualStudioVersion = 17.0.32112.339
MinimumVisualStudioVersion = 10.0.40219.1
Project("{9A19103F-16F7-4668-BE54-9A1E7A4F7556}") = "Harmony.Web", "Harmony.Web\Harmony.Web.csproj", "{AF747A4C-5056-4CFB-B711-B7F1CFC0FA0B}"
EndProject
Project("{2150E333-8FDC-42A3-9474-1A3956D46DE8}") = "Frontend", "Frontend", "{F1773BE6-C0DD-4618-8E06-09BA0E21CE90}"
EndProject
Project("{2150E333-8FDC-42A3-9474-1A3956D46DE8}") = "Backend", "Backend", "{91062061-B9D6-4FF8-B488-E49E873A58C9}"
EndProject
Project("{54A90642-561A-4BB1-A94E-469ADEE60C69}") = "Harmony.ClientApp", "Harmony.ClientApp\Harmony.ClientApp.esproj", "{D55D29D2-0D56-4669-B3B0-28AF8FAB5154}"
EndProject
Project("{9A19103F-16F7-4668-BE54-9A1E7A4F7556}") = "Harmony.Data", "Harmony.Data\Harmony.Data.csproj", "{279F37A8-67A1-44B4-B37B-41D36BC45700}"
EndProject
Project("{2150E333-8FDC-42A3-9474-1A3956D46DE8}") = "Recipes", "Recipes", "{7F7AD1C1-595C-48F7-9DBD-80FFF1EC14BA}"
EndProject
Project("{9A19103F-16F7-4668-BE54-9A1E7A4F7556}") = "Harmony.Recipes.Data", "Harmony.Recipes.Data\Harmony.Recipes.Data.csproj", "{10303500-AC12-4DA6-A541-DDFEB24EFD23}"
EndProject
Project("{9A19103F-16F7-4668-BE54-9A1E7A4F7556}") = "Harmony.Recipes.Models", "Harmony.Recipes.Models\Harmony.Recipes.Models.csproj", "{9A799B9D-DC4E-439C-9DA0-60D4C84D7A2E}"
EndProject
Project("{9A19103F-16F7-4668-BE54-9A1E7A4F7556}") = "Harmony.Recipes.Tests", "Harmony.Recipes.Tests\Harmony.Recipes.Tests.csproj", "{22C1F670-E79E-47BC-A526-A27FC6F806D5}"
EndProject
Project("{9A19103F-16F7-4668-BE54-9A1E7A4F7556}") = "Harmony.Common", "Harmony.Common\Harmony.Common.csproj", "{AFD78715-8DA6-44DB-8C01-0D0A52848F69}"
EndProject
Project("{9A19103F-16F7-4668-BE54-9A1E7A4F7556}") = "Harmony.Recipes.Services", "Harmony.Recipes.Services\Harmony.Recipes.Services.csproj", "{D8582BD0-E5EB-4BD8-9D49-2966DB8A7B77}"
EndProject
Project("{9A19103F-16F7-4668-BE54-9A1E7A4F7556}") = "Harmony.Recipes.Common", "Harmony.Recipes.Common\Harmony.Recipes.Common.csproj", "{63D6D351-647F-4991-B7AE-D3FF756E9477}"
EndProject
Project("{2150E333-8FDC-42A3-9474-1A3956D46DE8}") = "Fitness", "Fitness", "{549824BB-9C9C-4398-BF96-4A435258E639}"
EndProject
Project("{9A19103F-16F7-4668-BE54-9A1E7A4F7556}") = "Harmony.Fitness.Models", "Harmony.Fitness.Models\Harmony.Fitness.Models.csproj", "{E6C9C70F-1BD0-4EFD-B10C-573F26994D90}"
EndProject
Project("{9A19103F-16F7-4668-BE54-9A1E7A4F7556}") = "Harmony.Fitness.Data", "Harmony.Fitness.Data\Harmony.Fitness.Data.csproj", "{B27F0BAD-8123-4FEA-85A6-C4811BF85578}"
EndProject
Project("{2150E333-8FDC-42A3-9474-1A3956D46DE8}") = "Common", "Common", "{31EDF1F3-B0F6-4BC5-BEBA-CB76EF6D636A}"
EndProject
Project("{9A19103F-16F7-4668-BE54-9A1E7A4F7556}") = "Harmony.Common.Models", "Harmony.Common.Models\Harmony.Common.Models.csproj", "{B4210C63-D088-41EC-AF21-A4AB5EB7FDC9}"
EndProject
Project("{9A19103F-16F7-4668-BE54-9A1E7A4F7556}") = "Harmony.Fitness.Common", "Harmony.Fitness.Common\Harmony.Fitness.Common.csproj", "{B95FBEA4-F50E-4472-B864-BEA1489FD339}"
EndProject
Project("{FAE04EC0-301F-11D3-BF4B-00C04F79EFBC}") = "Harmony.Fitness.Services", "Harmony.Fitness.Services\Harmony.Fitness.Services.csproj", "{430FD1F6-9195-4CF5-8A1D-536866D03645}"
EndProject
Global
	GlobalSection(SolutionConfigurationPlatforms) = preSolution
		Debug|Any CPU = Debug|Any CPU
		Release|Any CPU = Release|Any CPU
	EndGlobalSection
	GlobalSection(ProjectConfigurationPlatforms) = postSolution
		{AF747A4C-5056-4CFB-B711-B7F1CFC0FA0B}.Debug|Any CPU.ActiveCfg = Debug|Any CPU
		{AF747A4C-5056-4CFB-B711-B7F1CFC0FA0B}.Debug|Any CPU.Build.0 = Debug|Any CPU
		{AF747A4C-5056-4CFB-B711-B7F1CFC0FA0B}.Release|Any CPU.ActiveCfg = Release|Any CPU
		{AF747A4C-5056-4CFB-B711-B7F1CFC0FA0B}.Release|Any CPU.Build.0 = Release|Any CPU
		{D55D29D2-0D56-4669-B3B0-28AF8FAB5154}.Debug|Any CPU.ActiveCfg = Debug|Any CPU
		{D55D29D2-0D56-4669-B3B0-28AF8FAB5154}.Debug|Any CPU.Build.0 = Debug|Any CPU
		{D55D29D2-0D56-4669-B3B0-28AF8FAB5154}.Debug|Any CPU.Deploy.0 = Debug|Any CPU
		{D55D29D2-0D56-4669-B3B0-28AF8FAB5154}.Release|Any CPU.ActiveCfg = Release|Any CPU
		{D55D29D2-0D56-4669-B3B0-28AF8FAB5154}.Release|Any CPU.Build.0 = Release|Any CPU
		{D55D29D2-0D56-4669-B3B0-28AF8FAB5154}.Release|Any CPU.Deploy.0 = Release|Any CPU
		{279F37A8-67A1-44B4-B37B-41D36BC45700}.Debug|Any CPU.ActiveCfg = Debug|Any CPU
		{279F37A8-67A1-44B4-B37B-41D36BC45700}.Debug|Any CPU.Build.0 = Debug|Any CPU
		{279F37A8-67A1-44B4-B37B-41D36BC45700}.Release|Any CPU.ActiveCfg = Release|Any CPU
		{279F37A8-67A1-44B4-B37B-41D36BC45700}.Release|Any CPU.Build.0 = Release|Any CPU
		{10303500-AC12-4DA6-A541-DDFEB24EFD23}.Debug|Any CPU.ActiveCfg = Debug|Any CPU
		{10303500-AC12-4DA6-A541-DDFEB24EFD23}.Debug|Any CPU.Build.0 = Debug|Any CPU
		{10303500-AC12-4DA6-A541-DDFEB24EFD23}.Release|Any CPU.ActiveCfg = Release|Any CPU
		{10303500-AC12-4DA6-A541-DDFEB24EFD23}.Release|Any CPU.Build.0 = Release|Any CPU
		{9A799B9D-DC4E-439C-9DA0-60D4C84D7A2E}.Debug|Any CPU.ActiveCfg = Debug|Any CPU
		{9A799B9D-DC4E-439C-9DA0-60D4C84D7A2E}.Debug|Any CPU.Build.0 = Debug|Any CPU
		{9A799B9D-DC4E-439C-9DA0-60D4C84D7A2E}.Release|Any CPU.ActiveCfg = Release|Any CPU
		{9A799B9D-DC4E-439C-9DA0-60D4C84D7A2E}.Release|Any CPU.Build.0 = Release|Any CPU
		{22C1F670-E79E-47BC-A526-A27FC6F806D5}.Debug|Any CPU.ActiveCfg = Debug|Any CPU
		{22C1F670-E79E-47BC-A526-A27FC6F806D5}.Debug|Any CPU.Build.0 = Debug|Any CPU
		{22C1F670-E79E-47BC-A526-A27FC6F806D5}.Release|Any CPU.ActiveCfg = Release|Any CPU
		{22C1F670-E79E-47BC-A526-A27FC6F806D5}.Release|Any CPU.Build.0 = Release|Any CPU
		{AFD78715-8DA6-44DB-8C01-0D0A52848F69}.Debug|Any CPU.ActiveCfg = Debug|Any CPU
		{AFD78715-8DA6-44DB-8C01-0D0A52848F69}.Debug|Any CPU.Build.0 = Debug|Any CPU
		{AFD78715-8DA6-44DB-8C01-0D0A52848F69}.Release|Any CPU.ActiveCfg = Release|Any CPU
		{AFD78715-8DA6-44DB-8C01-0D0A52848F69}.Release|Any CPU.Build.0 = Release|Any CPU
		{D8582BD0-E5EB-4BD8-9D49-2966DB8A7B77}.Debug|Any CPU.ActiveCfg = Debug|Any CPU
		{D8582BD0-E5EB-4BD8-9D49-2966DB8A7B77}.Debug|Any CPU.Build.0 = Debug|Any CPU
		{D8582BD0-E5EB-4BD8-9D49-2966DB8A7B77}.Release|Any CPU.ActiveCfg = Release|Any CPU
		{D8582BD0-E5EB-4BD8-9D49-2966DB8A7B77}.Release|Any CPU.Build.0 = Release|Any CPU
		{63D6D351-647F-4991-B7AE-D3FF756E9477}.Debug|Any CPU.ActiveCfg = Debug|Any CPU
		{63D6D351-647F-4991-B7AE-D3FF756E9477}.Debug|Any CPU.Build.0 = Debug|Any CPU
		{63D6D351-647F-4991-B7AE-D3FF756E9477}.Release|Any CPU.ActiveCfg = Release|Any CPU
		{63D6D351-647F-4991-B7AE-D3FF756E9477}.Release|Any CPU.Build.0 = Release|Any CPU
		{E6C9C70F-1BD0-4EFD-B10C-573F26994D90}.Debug|Any CPU.ActiveCfg = Debug|Any CPU
		{E6C9C70F-1BD0-4EFD-B10C-573F26994D90}.Debug|Any CPU.Build.0 = Debug|Any CPU
		{E6C9C70F-1BD0-4EFD-B10C-573F26994D90}.Release|Any CPU.ActiveCfg = Release|Any CPU
		{E6C9C70F-1BD0-4EFD-B10C-573F26994D90}.Release|Any CPU.Build.0 = Release|Any CPU
		{B27F0BAD-8123-4FEA-85A6-C4811BF85578}.Debug|Any CPU.ActiveCfg = Debug|Any CPU
		{B27F0BAD-8123-4FEA-85A6-C4811BF85578}.Debug|Any CPU.Build.0 = Debug|Any CPU
		{B27F0BAD-8123-4FEA-85A6-C4811BF85578}.Release|Any CPU.ActiveCfg = Release|Any CPU
		{B27F0BAD-8123-4FEA-85A6-C4811BF85578}.Release|Any CPU.Build.0 = Release|Any CPU
		{B4210C63-D088-41EC-AF21-A4AB5EB7FDC9}.Debug|Any CPU.ActiveCfg = Debug|Any CPU
		{B4210C63-D088-41EC-AF21-A4AB5EB7FDC9}.Debug|Any CPU.Build.0 = Debug|Any CPU
		{B4210C63-D088-41EC-AF21-A4AB5EB7FDC9}.Release|Any CPU.ActiveCfg = Release|Any CPU
		{B4210C63-D088-41EC-AF21-A4AB5EB7FDC9}.Release|Any CPU.Build.0 = Release|Any CPU
		{B95FBEA4-F50E-4472-B864-BEA1489FD339}.Debug|Any CPU.ActiveCfg = Debug|Any CPU
		{B95FBEA4-F50E-4472-B864-BEA1489FD339}.Debug|Any CPU.Build.0 = Debug|Any CPU
		{B95FBEA4-F50E-4472-B864-BEA1489FD339}.Release|Any CPU.ActiveCfg = Release|Any CPU
		{B95FBEA4-F50E-4472-B864-BEA1489FD339}.Release|Any CPU.Build.0 = Release|Any CPU
		{430FD1F6-9195-4CF5-8A1D-536866D03645}.Debug|Any CPU.ActiveCfg = Debug|Any CPU
		{430FD1F6-9195-4CF5-8A1D-536866D03645}.Debug|Any CPU.Build.0 = Debug|Any CPU
		{430FD1F6-9195-4CF5-8A1D-536866D03645}.Release|Any CPU.ActiveCfg = Release|Any CPU
		{430FD1F6-9195-4CF5-8A1D-536866D03645}.Release|Any CPU.Build.0 = Release|Any CPU
	EndGlobalSection
	GlobalSection(SolutionProperties) = preSolution
		HideSolutionNode = FALSE
	EndGlobalSection
	GlobalSection(NestedProjects) = preSolution
		{AF747A4C-5056-4CFB-B711-B7F1CFC0FA0B} = {91062061-B9D6-4FF8-B488-E49E873A58C9}
		{D55D29D2-0D56-4669-B3B0-28AF8FAB5154} = {F1773BE6-C0DD-4618-8E06-09BA0E21CE90}
		{279F37A8-67A1-44B4-B37B-41D36BC45700} = {91062061-B9D6-4FF8-B488-E49E873A58C9}
		{7F7AD1C1-595C-48F7-9DBD-80FFF1EC14BA} = {91062061-B9D6-4FF8-B488-E49E873A58C9}
		{10303500-AC12-4DA6-A541-DDFEB24EFD23} = {7F7AD1C1-595C-48F7-9DBD-80FFF1EC14BA}
		{9A799B9D-DC4E-439C-9DA0-60D4C84D7A2E} = {7F7AD1C1-595C-48F7-9DBD-80FFF1EC14BA}
		{22C1F670-E79E-47BC-A526-A27FC6F806D5} = {7F7AD1C1-595C-48F7-9DBD-80FFF1EC14BA}
		{AFD78715-8DA6-44DB-8C01-0D0A52848F69} = {31EDF1F3-B0F6-4BC5-BEBA-CB76EF6D636A}
		{D8582BD0-E5EB-4BD8-9D49-2966DB8A7B77} = {7F7AD1C1-595C-48F7-9DBD-80FFF1EC14BA}
		{63D6D351-647F-4991-B7AE-D3FF756E9477} = {7F7AD1C1-595C-48F7-9DBD-80FFF1EC14BA}
		{549824BB-9C9C-4398-BF96-4A435258E639} = {91062061-B9D6-4FF8-B488-E49E873A58C9}
		{E6C9C70F-1BD0-4EFD-B10C-573F26994D90} = {549824BB-9C9C-4398-BF96-4A435258E639}
		{B27F0BAD-8123-4FEA-85A6-C4811BF85578} = {549824BB-9C9C-4398-BF96-4A435258E639}
		{31EDF1F3-B0F6-4BC5-BEBA-CB76EF6D636A} = {91062061-B9D6-4FF8-B488-E49E873A58C9}
		{B4210C63-D088-41EC-AF21-A4AB5EB7FDC9} = {31EDF1F3-B0F6-4BC5-BEBA-CB76EF6D636A}
		{B95FBEA4-F50E-4472-B864-BEA1489FD339} = {549824BB-9C9C-4398-BF96-4A435258E639}
		{430FD1F6-9195-4CF5-8A1D-536866D03645} = {549824BB-9C9C-4398-BF96-4A435258E639}
	EndGlobalSection
	GlobalSection(ExtensibilityGlobals) = postSolution
		SolutionGuid = {8E15B4CB-D734-4355-9B2A-95521C7F326E}
	EndGlobalSection
EndGlobal
